lockfileVersion: '9.0'

settings:
  autoInstallPeers: true
  excludeLinksFromLockfile: false

importers:

  .:
    dependencies:
      '@rescript/runtime':
        specifier: ^12.3.0
        version: 12.3.0
    devDependencies:
      rescript:
        specifier: ^12.0.0
        version: 12.2.0

packages:

  '@rescript/darwin-arm64@12.2.0':
    resolution: {integrity: sha512-xc3K/J7Ujl1vPiFY2009mRf3kWRlUe/VZyJWprseKxlcEtUQv89ter7r6pY+YFbtYvA/fcaEncL9CVGEdattAg==}
    engines: {node: '>=20.11.0'}
    cpu: [arm64]
    os: [darwin]

  '@rescript/darwin-x64@12.2.0':
    resolution: {integrity: sha512-qqcTvnlSeoKkywLjG7cXfYvKZ1e4Gz2kUKcD6SiqDgCqm8TF+spwlFAiM6sloRUOFsc0bpC/0R0B3yr01FCB1A==}
    engines: {node: '>=20.11.0'}
    cpu: [x64]
    os: [darwin]

  '@rescript/linux-arm64@12.2.0':
    resolution: {integrity: sha512-ODmpG3ji+Nj/8d5yvXkeHlfKkmbw1Q4t1iIjVuNwtmFpz7TiEa7n/sQqoYdE+WzbDX3DoJfmJNbp3Ob7qCUoOg==}
    engines: {node: '>=20.11.0'}
    cpu: [arm64]
    os: [linux]

  '@rescript/linux-x64@12.2.0':
    resolution: {integrity: sha512-2W9Y9/g19Y4F/subl8yV3T8QBG2oRaP+HciNRcBjptyEdw9LmCKH8+rhWO6sp3E+nZLwoE2IAkwH0WKV3wqlxQ==}
    engines: {node: '>=20.11.0'}
    cpu: [x64]
    os: [linux]

  '@rescript/runtime@12.2.0':
    resolution: {integrity: sha512-NwfljDRq1rjFPHUaca1nzFz13xsa9ZGkBkLvMhvVgavJT5+A4rMcLu8XAaVTi/oAhO/tlHf9ZDoOTF1AfyAk9Q==}

  '@rescript/runtime@12.3.0':
    resolution: {integrity: sha512-8SRM2f6+LaWach8NJjYQVCCmu6KYmJCb+437L7YpaUpJBDyUOC1x0FF75shZ/Gid9guKPF3zMHrTNHLuyQkkiQ==}

  '@rescript/win32-x64@12.2.0':
    resolution: {integrity: sha512-fhf8CBj3p1lkIXPeNko3mVTKQfXXm4BoxJtR1xAXxUn43wDpd8Lox4w8/EPBbbW6C/YFQW6H7rtpY+2AKuNaDA==}
    engines: {node: '>=20.11.0'}
    cpu: [x64]
    os: [win32]

  rescript@12.2.0:
    resolution: {integrity: sha512-1Jf2cmNhyx5Mj2vwZ4XXPcXvNSjGj9D1jPBUcoqIOqRpLPo1ch2Ta/7eWh23xAHWHK5ow7BCDyYFjvZSjyjLzg==}
    engines: {node: '>=20.11.0'}
    hasBin: true

snapshots:

  '@rescript/darwin-arm64@12.2.0':
    optional: true

  '@rescript/darwin-x64@12.2.0':
    optional: true

  '@rescript/linux-arm64@12.2.0':
    optional: true

  '@rescript/linux-x64@12.2.0':
    optional: true

  '@rescript/runtime@12.2.0': {}

  '@rescript/runtime@12.3.0': {}

  '@rescript/win32-x64@12.2.0':
    optional: true

  rescript@12.2.0:
    dependencies:
      '@rescript/runtime': 12.2.0
    optionalDependencies:
      '@rescript/darwin-arm64': 12.2.0
      '@rescript/darwin-x64': 12.2.0
      '@rescript/linux-arm64': 12.2.0
      '@rescript/linux-x64': 12.2.0
      '@rescript/win32-x64': 12.2.0
