lockfileVersion: '9.0'

settings:
  autoInstallPeers: true
  excludeLinksFromLockfile: false

importers:

  .:
    dependencies:
      '@rescript/runtime':
        specifier: ^12.3.0
        version: 12.3.0
    devDependencies:
      rescript:
        specifier: ^12.3.1
        version: 12.3.1

packages:

  '@rescript/darwin-arm64@12.3.1':
    resolution: {integrity: sha512-pwdnHhuIMH4Y5nuEwBLAMOYvGIcAVgnSZq/DWUNZJWoUr7YZpNkABJp0TFGiyYePT5ld+nvjQ40oI0rKjEWK8w==}
    engines: {node: '>=20.11.0'}
    cpu: [arm64]
    os: [darwin]

  '@rescript/darwin-x64@12.3.1':
    resolution: {integrity: sha512-Eu39cHkzoHyC18BCRqnmZnLgP42c7JhR74UBl6XhaFOzuf63tddOssgTyX9mEihzok2xFBGLpETrCvZN8Qqtkg==}
    engines: {node: '>=20.11.0'}
    cpu: [x64]
    os: [darwin]

  '@rescript/linux-arm64@12.3.1':
    resolution: {integrity: sha512-Nsk3qfDRrp9b6RI85t0xzrr8LoxwXAI678V7zpQMaRfhltYl+N5fsK66MWx9rSrv6SIWPVSyU8FrJG0MskONwQ==}
    engines: {node: '>=20.11.0'}
    cpu: [arm64]
    os: [linux]

  '@rescript/linux-x64@12.3.1':
    resolution: {integrity: sha512-CfAJ3q/y/GSwrSJCLdCdyLWWdb7kTZkl2vjC+mSAw3pMqknEyCbt4ukS64Xn8PrqxVGHIs+kdefEphU7dt77xA==}
    engines: {node: '>=20.11.0'}
    cpu: [x64]
    os: [linux]

  '@rescript/runtime@12.3.0':
    resolution: {integrity: sha512-8SRM2f6+LaWach8NJjYQVCCmu6KYmJCb+437L7YpaUpJBDyUOC1x0FF75shZ/Gid9guKPF3zMHrTNHLuyQkkiQ==}

  '@rescript/runtime@12.3.1':
    resolution: {integrity: sha512-yTM0iTl6owyA37UEtPAZR0A3G1kFffJWb+UE6+rcG/N2kxYQnuSlNDfVvsry7l8O+o/ME6QE7Zt7efjCDGM3xg==}

  '@rescript/win32-x64@12.3.1':
    resolution: {integrity: sha512-1ffFbw9IJnJmGTNshWzRcG6wQ7GkzOeWxLLrarvxI38p2aYPQKTbVovUraXpw1Jfg2bbWkm8hPMMrFIezI/pkA==}
    engines: {node: '>=20.11.0'}
    cpu: [x64]
    os: [win32]

  rescript@12.3.1:
    resolution: {integrity: sha512-Q4y0SQ7EUShiX1ymEG5iOCGzbVSOh7CCLEnQUkq19FX2i64eQ2uEGeMCKFl0AsL7TcK5pS+66QTSP6jf6LSgaA==}
    engines: {node: '>=20.11.0'}
    hasBin: true

snapshots:

  '@rescript/darwin-arm64@12.3.1':
    optional: true

  '@rescript/darwin-x64@12.3.1':
    optional: true

  '@rescript/linux-arm64@12.3.1':
    optional: true

  '@rescript/linux-x64@12.3.1':
    optional: true

  '@rescript/runtime@12.3.0': {}

  '@rescript/runtime@12.3.1': {}

  '@rescript/win32-x64@12.3.1':
    optional: true

  rescript@12.3.1:
    dependencies:
      '@rescript/runtime': 12.3.1
    optionalDependencies:
      '@rescript/darwin-arm64': 12.3.1
      '@rescript/darwin-x64': 12.3.1
      '@rescript/linux-arm64': 12.3.1
      '@rescript/linux-x64': 12.3.1
      '@rescript/win32-x64': 12.3.1
